PODS:
  - AFNetworking (3.1.0):
    - AFNetworking/NSURLSession (= 3.1.0)
    - AFNetworking/Reachability (= 3.1.0)
    - AFNetworking/Security (= 3.1.0)
    - AFNetworking/Serialization (= 3.1.0)
    - AFNetworking/UIKit (= 3.1.0)
  - AFNetworking/NSURLSession (3.1.0):
    - AFNetworking/Reachability
    - AFNetworking/Security
    - AFNetworking/Serialization
  - AFNetworking/Reachability (3.1.0)
  - AFNetworking/Security (3.1.0)
  - AFNetworking/Serialization (3.1.0)
  - AFNetworking/UIKit (3.1.0):
    - AFNetworking/NSURLSession
  - IQKeyboardManager (4.0.10)
  - MJRefresh (3.1.12)
  - SSKeychain (1.4.1)
  - SVProgressHUD (2.1.2)

DEPENDENCIES:
  - AFNetworking (~> 3.1.0)
  - IQKeyboardManager (~> 4.0.9)
  - MJRefresh (~> 3.1.12)
  - SSKeychain (~> 1.4.1)
  - SVProgressHUD (~> 2.1.2)

SPEC CHECKSUMS:
  AFNetworking: 5e0e199f73d8626b11e79750991f5d173d1f8b67
  IQKeyboardManager: 593ee99b88381f4b9ccb22bd680f22606351bd41
  MJRefresh: b96cdb21c4aa75a7b07654311ab2f315c497e806
  SSKeychain: 55cc80f66f5c73da827e3077f02e43528897db41
  SVProgressHUD: c404a55d78acbeb7ebb78b76d3faf986475a6994

PODFILE CHECKSUM: b11f293b79bf81322e8989782171397be1c7da85

COCOAPODS: 1.2.1
